{
  "name": "scout",
  "lockfileVersion": 3,
  "requires": true,
  "packages": {
    "": {
      "dependencies": {
        "@sentry/react": "^10.51.0",
        "resend": "^6.12.2"
      }
    },
    "node_modules/@sentry-internal/browser-utils": {
      "version": "10.51.0",
      "resolved": "https://registry.npmjs.org/@sentry-internal/browser-utils/-/browser-utils-10.51.0.tgz",
      "integrity": "sha512-lNKBS4P7RUvf1niojXQWe9bU3gnBUCbST4Dj0pSiyat1N96cXVyHkeE+uGxowD0RrVWhs+kGHiVX3FcmRWF6sA==",
      "license": "MIT",
      "dependencies": {
        "@sentry/core": "10.51.0"
      },
      "engines": {
        "node": ">=18"
      }
    },
    "node_modules/@sentry-internal/feedback": {
      "version": "10.51.0",
      "resolved": "https://registry.npmjs.org/@sentry-internal/feedback/-/feedback-10.51.0.tgz",
      "integrity": "sha512-bCM95bcpphx28e6aU0bwRLxOgwosYsdNzezM1sM0pVOkb0TB3hDFRamramVDK+/Hp1o8qmRxS4c5w/A7YBZGkA==",
      "license": "MIT",
      "dependencies": {
        "@sentry/core": "10.51.0"
      },
      "engines": {
        "node": ">=18"
      }
    },
    "node_modules/@sentry-internal/replay": {
      "version": "10.51.0",
      "resolved": "https://registry.npmjs.org/@sentry-internal/replay/-/replay-10.51.0.tgz",
      "integrity": "sha512-jCpI5HXSwK6ZT2HX70+mDRciAocHzSiDk4DTgvzV69Wvd+Ei5WLgE+d39eaEPsm8lUC0Ydntb5sJIB6uG9D4bw==",
      "license": "MIT",
      "dependencies": {
        "@sentry-internal/browser-utils": "10.51.0",
        "@sentry/core": "10.51.0"
      },
      "engines": {
        "node": ">=18"
      }
    },
    "node_modules/@sentry-internal/replay-canvas": {
      "version": "10.51.0",
      "resolved": "https://registry.npmjs.org/@sentry-internal/replay-canvas/-/replay-canvas-10.51.0.tgz",
      "integrity": "sha512-8PW1Pp+Yl3lPwYqhBCr5SgkuhDanu9ZLzUqD2bPKL/ElqbM2eDVIWxq4z4ZzePrmZa6IcCjTv6sVQJ7Z4dLyLA==",
      "license": "MIT",
      "dependencies": {
        "@sentry-internal/replay": "10.51.0",
        "@sentry/core": "10.51.0"
      },
      "engines": {
        "node": ">=18"
      }
    },
    "node_modules/@sentry/browser": {
      "version": "10.51.0",
      "resolved": "https://registry.npmjs.org/@sentry/browser/-/browser-10.51.0.tgz",
      "integrity": "sha512-Zdc0sKfenxUtW/OGhtJ7xHFN44bXR7YqxJ1zBDzlZfW0nTbeTTUZBq9z5NUw6qdS0Vs/i3V4qzAKTbRKWfqSEA==",
      "license": "MIT",
      "dependencies": {
        "@sentry-internal/browser-utils": "10.51.0",
        "@sentry-internal/feedback": "10.51.0",
        "@sentry-internal/replay": "10.51.0",
        "@sentry-internal/replay-canvas": "10.51.0",
        "@sentry/core": "10.51.0"
      },
      "engines": {
        "node": ">=18"
      }
    },
    "node_modules/@sentry/core": {
      "version": "10.51.0",
      "resolved": "https://registry.npmjs.org/@sentry/core/-/core-10.51.0.tgz",
      "integrity": "sha512-Y45V/YXvVLEXmOdkbD1oG1gkRWFi9guCEGg3PlIlIpRjAbZUrvLGgjRJIc1E7XpSzmOnWbs5BbUxMv4PDaPj2w==",
      "license": "MIT",
      "engines": {
        "node": ">=18"
      }
    },
    "node_modules/@sentry/react": {
      "version": "10.51.0",
      "resolved": "https://registry.npmjs.org/@sentry/react/-/react-10.51.0.tgz",
      "integrity": "sha512-RRHHqjNvjji6ebIqdlAr453AkST8Vm4cxdu1vWm772IgbzTO7Jx46Cj6Bt2/GjMyH0YLE5euDaAOQhFMmpvAOw==",
      "license": "MIT",
      "dependencies": {
        "@sentry/browser": "10.51.0",
        "@sentry/core": "10.51.0"
      },
      "engines": {
        "node": ">=18"
      },
      "peerDependencies": {
        "react": "^16.14.0 || 17.x || 18.x || 19.x"
      }
    },
    "node_modules/@stablelib/base64": {
      "version": "1.0.1",
      "resolved": "https://registry.npmjs.org/@stablelib/base64/-/base64-1.0.1.tgz",
      "integrity": "sha512-1bnPQqSxSuc3Ii6MhBysoWCg58j97aUjuCSZrGSmDxNqtytIi0k8utUenAwTZN4V5mXXYGsVUI9zeBqy+jBOSQ==",
      "license": "MIT"
    },
    "node_modules/fast-sha256": {
      "version": "1.3.0",
      "resolved": "https://registry.npmjs.org/fast-sha256/-/fast-sha256-1.3.0.tgz",
      "integrity": "sha512-n11RGP/lrWEFI/bWdygLxhI+pVeo1ZYIVwvvPkW7azl/rOy+F3HYRZ2K5zeE9mmkhQppyv9sQFx0JM9UabnpPQ==",
      "license": "Unlicense"
    },
    "node_modules/postal-mime": {
      "version": "2.7.4",
      "resolved": "https://registry.npmjs.org/postal-mime/-/postal-mime-2.7.4.tgz",
      "integrity": "sha512-0WdnFQYUrPGGTFu1uOqD2s7omwua8xaeYGdO6rb88oD5yJ/4pPHDA4sdWqfD8wQVfCny563n/HQS7zTFft+f/g==",
      "license": "MIT-0"
    },
    "node_modules/react": {
      "version": "19.2.5",
      "resolved": "https://registry.npmjs.org/react/-/react-19.2.5.tgz",
      "integrity": "sha512-llUJLzz1zTUBrskt2pwZgLq59AemifIftw4aB7JxOqf1HY2FDaGDxgwpAPVzHU1kdWabH7FauP4i1oEeer2WCA==",
      "license": "MIT",
      "peer": true,
      "engines": {
        "node": ">=0.10.0"
      }
    },
    "node_modules/resend": {
      "version": "6.12.2",
      "resolved": "https://registry.npmjs.org/resend/-/resend-6.12.2.tgz",
      "integrity": "sha512-xwgmU4b0OqoabJsIoK/x0Whk0Fcs3bpbK4i/DEWPiE5hYJHyHl0TbB6QbI3gIr+bLdLUJ1GYm/fe41aVFuHXgw==",
      "license": "MIT",
      "dependencies": {
        "postal-mime": "2.7.4",
        "svix": "1.90.0"
      },
      "engines": {
        "node": ">=20"
      },
      "peerDependencies": {
        "@react-email/render": "*"
      },
      "peerDependenciesMeta": {
        "@react-email/render": {
          "optional": true
        }
      }
    },
    "node_modules/standardwebhooks": {
      "version": "1.0.0",
      "resolved": "https://registry.npmjs.org/standardwebhooks/-/standardwebhooks-1.0.0.tgz",
      "integrity": "sha512-BbHGOQK9olHPMvQNHWul6MYlrRTAOKn03rOe4A8O3CLWhNf4YHBqq2HJKKC+sfqpxiBY52pNeesD6jIiLDz8jg==",
      "license": "MIT",
      "dependencies": {
        "@stablelib/base64": "^1.0.0",
        "fast-sha256": "^1.3.0"
      }
    },
    "node_modules/svix": {
      "version": "1.90.0",
      "resolved": "https://registry.npmjs.org/svix/-/svix-1.90.0.tgz",
      "integrity": "sha512-ljkZuyy2+IBEoESkIpn8sLM+sxJHQcPxlZFxU+nVDhltNfUMisMBzWX/UR8SjEnzoI28ZjCzMbmYAPwSTucoMw==",
      "license": "MIT",
      "dependencies": {
        "standardwebhooks": "1.0.0",
        "uuid": "^10.0.0"
      }
    },
    "node_modules/uuid": {
      "version": "10.0.0",
      "resolved": "https://registry.npmjs.org/uuid/-/uuid-10.0.0.tgz",
      "integrity": "sha512-8XkAphELsDnEGrDxUOHB3RGvXz6TeuYSGEZBOjtTtPm2lwhGBjLgOzLHB63IUWfBpNucQjND6d3AOudO+H3RWQ==",
      "deprecated": "uuid@10 and below is no longer supported.  For ESM codebases, update to uuid@latest.  For CommonJS codebases, use uuid@11 (but be aware this version will likely be deprecated in 2028).",
      "funding": [
        "https://github.com/sponsors/broofa",
        "https://github.com/sponsors/ctavan"
      ],
      "license": "MIT",
      "bin": {
        "uuid": "dist/bin/uuid"
      }
    }
  }
}
